
Microsoft Visual Studio Solution File, Format Version 12.00
# Visual Studio Version 16
VisualStudioVersion = 16.0.31624.102
MinimumVisualStudioVersion = 10.0.40219.1
Project("{9A19103F-16F7-4668-BE54-9A1E7A4F7556}") = "StockTracking.API", "StockTracking.API\StockTracking.API.csproj", "{DDE5A1C3-1776-4E2D-B880-8455ACF63EF8}"
EndProject
Project("{9A19103F-16F7-4668-BE54-9A1E7A4F7556}") = "StockTracking.Model", "StockTracking.Model\StockTracking.Model.csproj", "{66E77C4F-7FE8-4461-97FA-19A0AC1D008D}"
EndProject
Project("{9A19103F-16F7-4668-BE54-9A1E7A4F7556}") = "StockTracking.DAL", "StockTracking.DAL\StockTracking.DAL.csproj", "{C84F2D10-63D2-4568-8ABA-F9CF40C67C5F}"
EndProject
Project("{FAE04EC0-301F-11D3-BF4B-00C04F79EFBC}") = "StockTracking.Business", "StockTraking.Business\StockTracking.Business.csproj", "{80366FFE-52AC-42CB-8E59-ABD2FFB166F9}"
EndProject
Global
	GlobalSection(SolutionConfigurationPlatforms) = preSolution
		Debug|Any CPU = Debug|Any CPU
		Release|Any CPU = Release|Any CPU
	EndGlobalSection
	GlobalSection(ProjectConfigurationPlatforms) = postSolution
		{DDE5A1C3-1776-4E2D-B880-8455ACF63EF8}.Debug|Any CPU.ActiveCfg = Debug|Any CPU
		{DDE5A1C3-1776-4E2D-B880-8455ACF63EF8}.Debug|Any CPU.Build.0 = Debug|Any CPU
		{DDE5A1C3-1776-4E2D-B880-8455ACF63EF8}.Release|Any CPU.ActiveCfg = Release|Any CPU
		{DDE5A1C3-1776-4E2D-B880-8455ACF63EF8}.Release|Any CPU.Build.0 = Release|Any CPU
		{66E77C4F-7FE8-4461-97FA-19A0AC1D008D}.Debug|Any CPU.ActiveCfg = Debug|Any CPU
		{66E77C4F-7FE8-4461-97FA-19A0AC1D008D}.Debug|Any CPU.Build.0 = Debug|Any CPU
		{66E77C4F-7FE8-4461-97FA-19A0AC1D008D}.Release|Any CPU.ActiveCfg = Release|Any CPU
		{66E77C4F-7FE8-4461-97FA-19A0AC1D008D}.Release|Any CPU.Build.0 = Release|Any CPU
		{C84F2D10-63D2-4568-8ABA-F9CF40C67C5F}.Debug|Any CPU.ActiveCfg = Debug|Any CPU
		{C84F2D10-63D2-4568-8ABA-F9CF40C67C5F}.Debug|Any CPU.Build.0 = Debug|Any CPU
		{C84F2D10-63D2-4568-8ABA-F9CF40C67C5F}.Release|Any CPU.ActiveCfg = Release|Any CPU
		{C84F2D10-63D2-4568-8ABA-F9CF40C67C5F}.Release|Any CPU.Build.0 = Release|Any CPU
		{80366FFE-52AC-42CB-8E59-ABD2FFB166F9}.Debug|Any CPU.ActiveCfg = Debug|Any CPU
		{80366FFE-52AC-42CB-8E59-ABD2FFB166F9}.Debug|Any CPU.Build.0 = Debug|Any CPU
		{80366FFE-52AC-42CB-8E59-ABD2FFB166F9}.Release|Any CPU.ActiveCfg = Release|Any CPU
		{80366FFE-52AC-42CB-8E59-ABD2FFB166F9}.Release|Any CPU.Build.0 = Release|Any CPU
	EndGlobalSection
	GlobalSection(SolutionProperties) = preSolution
		HideSolutionNode = FALSE
	EndGlobalSection
	GlobalSection(ExtensibilityGlobals) = postSolution
		SolutionGuid = {035C221F-6DEA-4D0A-87E7-FB2C2211073E}
	EndGlobalSection
EndGlobal
